// !$*UTF8*$!
{
	archiveVersion = 1;
	classes = {
	};
	objectVersion = 56;
	objects = {

/* Begin PBXBuildFile section */
		3D5720ED2AB2E1760060537E /* GITTestApp.swift in Sources */ = {isa = PBXBuildFile; fileRef = 3D5720EC2AB2E1760060537E /* GITTestApp.swift */; };
		3D5720EF2AB2E1760060537E /* ContentView.swift in Sources */ = {isa = PBXBuildFile; fileRef = 3D5720EE2AB2E1760060537E /* ContentView.swift */; };
		3D5720F12AB2E1770060537E /* Assets.xcassets in Resources */ = {isa = PBXBuildFile; fileRef = 3D5720F02AB2E1770060537E /* Assets.xcassets */; };
		3D5720F52AB2E1770060537E /* Preview Assets.xcassets in Resources */ = {isa = PBXBuildFile; fileRef = 3D5720F42AB2E1770060537E /* Preview Assets.xcassets */; };
		3D5720FF2AB2E1770060537E /* GITTestTests.swift in Sources */ = {isa = PBXBuildFile; fileRef = 3D5720FE2AB2E1770060537E /* GITTestTests.swift */; };
		3D5721092AB2E1770060537E /* GITTestUITests.swift in Sources */ = {isa = PBXBuildFile; fileRef = 3D5721082AB2E1770060537E /* GITTestUITests.swift */; };
		3D57210B2AB2E1770060537E /* GITTestUITestsLaunchTests.swift in Sources */ = {isa = PBXBuildFile; fileRef = 3D57210A2AB2E1770060537E /* GITTestUITestsLaunchTests.swift */; };
		3D5721182AB2E3A40060537E /* LandingView.swift in Sources */ = {isa = PBXBuildFile; fileRef = 3D5721172AB2E3A40060537E /* LandingView.swift */; };
/* End PBXBuildFile section */

/* Begin PBXContainerItemProxy section */
		3D5720FB2AB2E1770060537E /* PBXContainerItemProxy */ = {
			isa = PBXContainerItemProxy;
			containerPortal = 3D5720E12AB2E1760060537E /* Project object */;
			proxyType = 1;
			remoteGlobalIDString = 3D5720E82AB2E1760060537E;
			remoteInfo = GITTest;
		};
		3D5721052AB2E1770060537E /* PBXContainerItemProxy */ = {
			isa = PBXContainerItemProxy;
			containerPortal = 3D5720E12AB2E1760060537E /* Project object */;
			proxyType = 1;
			remoteGlobalIDString = 3D5720E82AB2E1760060537E;
			remoteInfo = GITTest;
		};
/* End PBXContainerItemProxy section */

/* Begin PBXFileReference section */
		3D5720E92AB2E1760060537E /* GITTest.app */ = {isa = PBXFileReference; explicitFileType = wrapper.application; includeInIndex = 0; path = GITTest.app; sourceTree = BUILT_PRODUCTS_DIR; };
		3D5720EC2AB2E1760060537E /* GITTestApp.swift */ = {isa = PBXFileReference; lastKnownFileType = sourcecode.swift; path = GITTestApp.swift; sourceTree = "<group>"; };
		3D5720EE2AB2E1760060537E /* ContentView.swift */ = {isa = PBXFileReference; lastKnownFileType = sourcecode.swift; path = ContentView.swift; sourceTree = "<group>"; };
		3D5720F02AB2E1770060537E /* Assets.xcassets */ = {isa = PBXFileReference; lastKnownFileType = folder.assetcatalog; path = Assets.xcassets; sourceTree = "<group>"; };
		3D5720F22AB2E1770060537E /* GITTest.entitlements */ = {isa = PBXFileReference; lastKnownFileType = text.plist.entitlements; path = GITTest.entitlements; sourceTree = "<group>"; };
		3D5720F42AB2E1770060537E /* Preview Assets.xcassets */ = {isa = PBXFileReference; lastKnownFileType = folder.assetcatalog; path = "Preview Assets.xcassets"; sourceTree = "<group>"; };
		3D5720FA2AB2E1770060537E /* GITTestTests.xctest */ = {isa = PBXFileReference; explicitFileType = wrapper.cfbundle; includeInIndex = 0; path = GITTestTests.xctest; sourceTree = BUILT_PRODUCTS_DIR; };
		3D5720FE2AB2E1770060537E /* GITTestTests.swift */ = {isa = PBXFileReference; lastKnownFileType = sourcecode.swift; path = GITTestTests.swift; sourceTree = "<group>"; };
		3D5721042AB2E1770060537E /* GITTestUITests.xctest */ = {isa = PBXFileReference; explicitFileType = wrapper.cfbundle; includeInIndex = 0; path = GITTestUITests.xctest; sourceTree = BUILT_PRODUCTS_DIR; };
		3D5721082AB2E1770060537E /* GITTestUITests.swift */ = {isa = PBXFileReference; lastKnownFileType = sourcecode.swift; path = GITTestUITests.swift; sourceTree = "<group>"; };
		3D57210A2AB2E1770060537E /* GITTestUITestsLaunchTests.swift */ = {isa = PBXFileReference; lastKnownFileType = sourcecode.swift; path = GITTestUITestsLaunchTests.swift; sourceTree = "<group>"; };
		3D5721172AB2E3A40060537E /* LandingView.swift */ = {isa = PBXFileReference; lastKnownFileType = sourcecode.swift; path = LandingView.swift; sourceTree = "<group>"; };
/* End PBXFileReference section */

/* Begin PBXFrameworksBuildPhase section */
		3D5720E62AB2E1760060537E /* Frameworks */ = {
			isa = PBXFrameworksBuildPhase;
			buildActionMask = 2147483647;
			files = (
			);
			runOnlyForDeploymentPostprocessing = 0;
		};
		3D5720F72AB2E1770060537E /* Frameworks */ = {
			isa = PBXFrameworksBuildPhase;
			buildActionMask = 2147483647;
			files = (
			);
			runOnlyForDeploymentPostprocessing = 0;
		};
		3D5721012AB2E1770060537E /* Frameworks */ = {
			isa = PBXFrameworksBuildPhase;
			buildActionMask = 2147483647;
			files = (
			);
			runOnlyForDeploymentPostprocessing = 0;
		};
/* End PBXFrameworksBuildPhase section */

/* Begin PBXGroup section */
		3D5720E02AB2E1760060537E = {
			isa = PBXGroup;
			children = (
				3D5720EB2AB2E1760060537E /* GITTest */,
				3D5720FD2AB2E1770060537E /* GITTestTests */,
				3D5721072AB2E1770060537E /* GITTestUITests */,
				3D5720EA2AB2E1760060537E /* Products */,
			);
			sourceTree = "<group>";
		};
		3D5720EA2AB2E1760060537E /* Products */ = {
			isa = PBXGroup;
			children = (
				3D5720E92AB2E1760060537E /* GITTest.app */,
				3D5720FA2AB2E1770060537E /* GITTestTests.xctest */,
				3D5721042AB2E1770060537E /* GITTestUITests.xctest */,
			);
			name = Products;
			sourceTree = "<group>";
		};
		3D5720EB2AB2E1760060537E /* GITTest */ = {
			isa = PBXGroup;
			children = (
				3D5720EC2AB2E1760060537E /* GITTestApp.swift */,
				3D5720EE2AB2E1760060537E /* ContentView.swift */,
				3D5721172AB2E3A40060537E /* LandingView.swift */,
				3D5720F02AB2E1770060537E /* Assets.xcassets */,
				3D5720F22AB2E1770060537E /* GITTest.entitlements */,
				3D5720F32AB2E1770060537E /* Preview Content */,
			);
			path = GITTest;
			sourceTree = "<group>";
		};
		3D5720F32AB2E1770060537E /* Preview Content */ = {
			isa = PBXGroup;
			children = (
				3D5720F42AB2E1770060537E /* Preview Assets.xcassets */,
			);
			path = "Preview Content";
			sourceTree = "<group>";
		};
		3D5720FD2AB2E1770060537E /* GITTestTests */ = {
			isa = PBXGroup;
			children = (
				3D5720FE2AB2E1770060537E /* GITTestTests.swift */,
			);
			path = GITTestTests;
			sourceTree = "<group>";
		};
		3D5721072AB2E1770060537E /* GITTestUITests */ = {
			isa = PBXGroup;
			children = (
				3D5721082AB2E1770060537E /* GITTestUITests.swift */,
				3D57210A2AB2E1770060537E /* GITTestUITestsLaunchTests.swift */,
			);
			path = GITTestUITests;
			sourceTree = "<group>";
		};
/* End PBXGroup section */

/* Begin PBXNativeTarget section */
		3D5720E82AB2E1760060537E /* GITTest */ = {
			isa = PBXNativeTarget;
			buildConfigurationList = 3D57210E2AB2E1770060537E /* Build configuration list for PBXNativeTarget "GITTest" */;
			buildPhases = (
				3D5720E52AB2E1760060537E /* Sources */,
				3D5720E62AB2E1760060537E /* Frameworks */,
				3D5720E72AB2E1760060537E /* Resources */,
			);
			buildRules = (
			);
			dependencies = (
			);
			name = GITTest;
			productName = GITTest;
			productReference = 3D5720E92AB2E1760060537E /* GITTest.app */;
			productType = "com.apple.product-type.application";
		};
		3D5720F92AB2E1770060537E /* GITTestTests */ = {
			isa = PBXNativeTarget;
			buildConfigurationList = 3D5721112AB2E1770060537E /* Build configuration list for PBXNativeTarget "GITTestTests" */;
			buildPhases = (
				3D5720F62AB2E1770060537E /* Sources */,
				3D5720F72AB2E1770060537E /* Frameworks */,
				3D5720F82AB2E1770060537E /* Resources */,
			);
			buildRules = (
			);
			dependencies = (
				3D5720FC2AB2E1770060537E /* PBXTargetDependency */,
			);
			name = GITTestTests;
			productName = GITTestTests;
			productReference = 3D5720FA2AB2E1770060537E /* GITTestTests.xctest */;
			productType = "com.apple.product-type.bundle.unit-test";
		};
		3D5721032AB2E1770060537E /* GITTestUITests */ = {
			isa = PBXNativeTarget;
			buildConfigurationList = 3D5721142AB2E1770060537E /* Build configuration list for PBXNativeTarget "GITTestUITests" */;
			buildPhases = (
				3D5721002AB2E1770060537E /* Sources */,
				3D5721012AB2E1770060537E /* Frameworks */,
				3D5721022AB2E1770060537E /* Resources */,
			);
			buildRules = (
			);
			dependencies = (
				3D5721062AB2E1770060537E /* PBXTargetDependency */,
			);
			name = GITTestUITests;
			productName = GITTestUITests;
			productReference = 3D5721042AB2E1770060537E /* GITTestUITests.xctest */;
			productType = "com.apple.product-type.bundle.ui-testing";
		};
/* End PBXNativeTarget section */

/* Begin PBXProject section */
		3D5720E12AB2E1760060537E /* Project object */ = {
			isa = PBXProject;
			attributes = {
				BuildIndependentTargetsInParallel = 1;
				LastSwiftUpdateCheck = 1420;
				LastUpgradeCheck = 1420;
				TargetAttributes = {
					3D5720E82AB2E1760060537E = {
						CreatedOnToolsVersion = 14.2;
					};
					3D5720F92AB2E1770060537E = {
						CreatedOnToolsVersion = 14.2;
						TestTargetID = 3D5720E82AB2E1760060537E;
					};
					3D5721032AB2E1770060537E = {
						CreatedOnToolsVersion = 14.2;
						TestTargetID = 3D5720E82AB2E1760060537E;
					};
				};
			};
			buildConfigurationList = 3D5720E42AB2E1760060537E /* Build configuration list for PBXProject "GITTest" */;
			compatibilityVersion = "Xcode 14.0";
			developmentRegion = en;
			hasScannedForEncodings = 0;
			knownRegions = (
				en,
				Base,
			);
			mainGroup = 3D5720E02AB2E1760060537E;
			productRefGroup = 3D5720EA2AB2E1760060537E /* Products */;
			projectDirPath = "";
			projectRoot = "";
			targets = (
				3D5720E82AB2E1760060537E /* GITTest */,
				3D5720F92AB2E1770060537E /* GITTestTests */,
				3D5721032AB2E1770060537E /* GITTestUITests */,
			);
		};
/* End PBXProject section */

/* Begin PBXResourcesBuildPhase section */
		3D5720E72AB2E1760060537E /* Resources */ = {
			isa = PBXResourcesBuildPhase;
			buildActionMask = 2147483647;
			files = (
				3D5720F52AB2E1770060537E /* Preview Assets.xcassets in Resources */,
				3D5720F12AB2E1770060537E /* Assets.xcassets in Resources */,
			);
			runOnlyForDeploymentPostprocessing = 0;
		};
		3D5720F82AB2E1770060537E /* Resources */ = {
			isa = PBXResourcesBuildPhase;
			buildActionMask = 2147483647;
			files = (
			);
			runOnlyForDeploymentPostprocessing = 0;
		};
		3D5721022AB2E1770060537E /* Resources */ = {
			isa = PBXResourcesBuildPhase;
			buildActionMask = 2147483647;
			files = (
			);
			runOnlyForDeploymentPostprocessing = 0;
		};
/* End PBXResourcesBuildPhase section */

/* Begin PBXSourcesBuildPhase section */
		3D5720E52AB2E1760060537E /* Sources */ = {
			isa = PBXSourcesBuildPhase;
			buildActionMask = 2147483647;
			files = (
				3D5721182AB2E3A40060537E /* LandingView.swift in Sources */,
				3D5720EF2AB2E1760060537E /* ContentView.swift in Sources */,
				3D5720ED2AB2E1760060537E /* GITTestApp.swift in Sources */,
			);
			runOnlyForDeploymentPostprocessing = 0;
		};
		3D5720F62AB2E1770060537E /* Sources */ = {
			isa = PBXSourcesBuildPhase;
			buildActionMask = 2147483647;
			files = (
				3D5720FF2AB2E1770060537E /* GITTestTests.swift in Sources */,
			);
			runOnlyForDeploymentPostprocessing = 0;
		};
		3D5721002AB2E1770060537E /* Sources */ = {
			isa = PBXSourcesBuildPhase;
			buildActionMask = 2147483647;
			files = (
				3D5721092AB2E1770060537E /* GITTestUITests.swift in Sources */,
				3D57210B2AB2E1770060537E /* GITTestUITestsLaunchTests.swift in Sources */,
			);
			runOnlyForDeploymentPostprocessing = 0;
		};
/* End PBXSourcesBuildPhase section */

/* Begin PBXTargetDependency section */
		3D5720FC2AB2E1770060537E /* PBXTargetDependency */ = {
			isa = PBXTargetDependency;
			target = 3D5720E82AB2E1760060537E /* GITTest */;
			targetProxy = 3D5720FB2AB2E1770060537E /* PBXContainerItemProxy */;
		};
		3D5721062AB2E1770060537E /* PBXTargetDependency */ = {
			isa = PBXTargetDependency;
			target = 3D5720E82AB2E1760060537E /* GITTest */;
			targetProxy = 3D5721052AB2E1770060537E /* PBXContainerItemProxy */;
		};
/* End PBXTargetDependency section */

/* Begin XCBuildConfiguration section */
		3D57210C2AB2E1770060537E /* Debug */ = {
			isa = XCBuildConfiguration;
			buildSettings = {
				ALWAYS_SEARCH_USER_PATHS = NO;
				CLANG_ANALYZER_NONNULL = YES;
				CLANG_ANALYZER_NUMBER_OBJECT_CONVERSION = YES_AGGRESSIVE;
				CLANG_CXX_LANGUAGE_STANDARD = "gnu++20";
				CLANG_ENABLE_MODULES = YES;
				CLANG_ENABLE_OBJC_ARC = YES;
				CLANG_ENABLE_OBJC_WEAK = YES;
				CLANG_WARN_BLOCK_CAPTURE_AUTORELEASING = YES;
				CLANG_WARN_BOOL_CONVERSION = YES;
				CLANG_WARN_COMMA = YES;
				CLANG_WARN_CONSTANT_CONVERSION = YES;
				CLANG_WARN_DEPRECATED_OBJC_IMPLEMENTATIONS = YES;
				CLANG_WARN_DIRECT_OBJC_ISA_USAGE = YES_ERROR;
				CLANG_WARN_DOCUMENTATION_COMMENTS = YES;
				CLANG_WARN_EMPTY_BODY = YES;
				CLANG_WARN_ENUM_CONVERSION = YES;
				CLANG_WARN_INFINITE_RECURSION = YES;
				CLANG_WARN_INT_CONVERSION = YES;
				CLANG_WARN_NON_LITERAL_NULL_CONVERSION = YES;
				CLANG_WARN_OBJC_IMPLICIT_RETAIN_SELF = YES;
				CLANG_WARN_OBJC_LITERAL_CONVERSION = YES;
				CLANG_WARN_OBJC_ROOT_CLASS = YES_ERROR;
				CLANG_WARN_QUOTED_INCLUDE_IN_FRAMEWORK_HEADER = YES;
				CLANG_WARN_RANGE_LOOP_ANALYSIS = YES;
				CLANG_WARN_STRICT_PROTOTYPES = YES;
				CLANG_WARN_SUSPICIOUS_MOVE = YES;
				CLANG_WARN_UNGUARDED_AVAILABILITY = YES_AGGRESSIVE;
				CLANG_WARN_UNREACHABLE_CODE = YES;
				CLANG_WARN__DUPLICATE_METHOD_MATCH = YES;
				COPY_PHASE_STRIP = NO;
				DEBUG_INFORMATION_FORMAT = dwarf;
				ENABLE_STRICT_OBJC_MSGSEND = YES;
				ENABLE_TESTABILITY = YES;
				GCC_C_LANGUAGE_STANDARD = gnu11;
				GCC_DYNAMIC_NO_PIC = NO;
				GCC_NO_COMMON_BLOCKS = YES;
				GCC_OPTIMIZATION_LEVEL = 0;
				GCC_PREPROCESSOR_DEFINITIONS = (
					"DEBUG=1",
					"$(inherited)",
				);
				GCC_WARN_64_TO_32_BIT_CONVERSION = YES;
				GCC_WARN_ABOUT_RETURN_TYPE = YES_ERROR;
				GCC_WARN_UNDECLARED_SELECTOR = YES;
				GCC_WARN_UNINITIALIZED_AUTOS = YES_AGGRESSIVE;
				GCC_WARN_UNUSED_FUNCTION = YES;
				GCC_WARN_UNUSED_VARIABLE = YES;
				MTL_ENABLE_DEBUG_INFO = INCLUDE_SOURCE;
				MTL_FAST_MATH = YES;
				ONLY_ACTIVE_ARCH = YES;
				SWIFT_ACTIVE_COMPILATION_CONDITIONS = DEBUG;
				SWIFT_OPTIMIZATION_LEVEL = "-Onone";
			};
			name = Debug;
		};
		3D57210D2AB2E1770060537E /* Release */ = {
			isa = XCBuildConfiguration;
			buildSettings = {
				ALWAYS_SEARCH_USER_PATHS = NO;
				CLANG_ANALYZER_NONNULL = YES;
				CLANG_ANALYZER_NUMBER_OBJECT_CONVERSION = YES_AGGRESSIVE;
				CLANG_CXX_LANGUAGE_STANDARD = "gnu++20";
				CLANG_ENABLE_MODULES = YES;
				CLANG_ENABLE_OBJC_ARC = YES;
				CLANG_ENABLE_OBJC_WEAK = YES;
				CLANG_WARN_BLOCK_CAPTURE_AUTORELEASING = YES;
				CLANG_WARN_BOOL_CONVERSION = YES;
				CLANG_WARN_COMMA = YES;
				CLANG_WARN_CONSTANT_CONVERSION = YES;
				CLANG_WARN_DEPRECATED_OBJC_IMPLEMENTATIONS = YES;
				CLANG_WARN_DIRECT_OBJC_ISA_USAGE = YES_ERROR;
				CLANG_WARN_DOCUMENTATION_COMMENTS = YES;
				CLANG_WARN_EMPTY_BODY = YES;
				CLANG_WARN_ENUM_CONVERSION = YES;
				CLANG_WARN_INFINITE_RECURSION = YES;
				CLANG_WARN_INT_CONVERSION = YES;
				CLANG_WARN_NON_LITERAL_NULL_CONVERSION = YES;
				CLANG_WARN_OBJC_IMPLICIT_RETAIN_SELF = YES;
				CLANG_WARN_OBJC_LITERAL_CONVERSION = YES;
				CLANG_WARN_OBJC_ROOT_CLASS = YES_ERROR;
				CLANG_WARN_QUOTED_INCLUDE_IN_FRAMEWORK_HEADER = YES;
				CLANG_WARN_RANGE_LOOP_ANALYSIS = YES;
				CLANG_WARN_STRICT_PROTOTYPES = YES;
				CLANG_WARN_SUSPICIOUS_MOVE = YES;
				CLANG_WARN_UNGUARDED_AVAILABILITY = YES_AGGRESSIVE;
				CLANG_WARN_UNREACHABLE_CODE = YES;
				CLANG_WARN__DUPLICATE_METHOD_MATCH = YES;
				COPY_PHASE_STRIP = NO;
				DEBUG_INFORMATION_FORMAT = "dwarf-with-dsym";
				ENABLE_NS_ASSERTIONS = NO;
				ENABLE_STRICT_OBJC_MSGSEND = YES;
				GCC_C_LANGUAGE_STANDARD = gnu11;
				GCC_NO_COMMON_BLOCKS = YES;
				GCC_WARN_64_TO_32_BIT_CONVERSION = YES;
				GCC_WARN_ABOUT_RETURN_TYPE = YES_ERROR;
				GCC_WARN_UNDECLARED_SELECTOR = YES;
				GCC_WARN_UNINITIALIZED_AUTOS = YES_AGGRESSIVE;
				GCC_WARN_UNUSED_FUNCTION = YES;
				GCC_WARN_UNUSED_VARIABLE = YES;
				MTL_ENABLE_DEBUG_INFO = NO;
				MTL_FAST_MATH = YES;
				SWIFT_COMPILATION_MODE = wholemodule;
				SWIFT_OPTIMIZATION_LEVEL = "-O";
			};
			name = Release;
		};
		3D57210F2AB2E1770060537E /* Debug */ = {
			isa = XCBuildConfiguration;
			buildSettings = {
				ASSETCATALOG_COMPILER_APPICON_NAME = AppIcon;
				ASSETCATALOG_COMPILER_GLOBAL_ACCENT_COLOR_NAME = AccentColor;
				CODE_SIGN_ENTITLEMENTS = GITTest/GITTest.entitlements;
				CODE_SIGN_STYLE = Automatic;
				CURRENT_PROJECT_VERSION = 1;
				DEVELOPMENT_ASSET_PATHS = "\"GITTest/Preview Content\"";
				ENABLE_PREVIEWS = YES;
				GENERATE_INFOPLIST_FILE = YES;
				"INFOPLIST_KEY_UIApplicationSceneManifest_Generation[sdk=iphoneos*]" = YES;
				"INFOPLIST_KEY_UIApplicationSceneManifest_Generation[sdk=iphonesimulator*]" = YES;
				"INFOPLIST_KEY_UIApplicationSupportsIndirectInputEvents[sdk=iphoneos*]" = YES;
				"INFOPLIST_KEY_UIApplicationSupportsIndirectInputEvents[sdk=iphonesimulator*]" = YES;
				"INFOPLIST_KEY_UILaunchScreen_Generation[sdk=iphoneos*]" = YES;
				"INFOPLIST_KEY_UILaunchScreen_Generation[sdk=iphonesimulator*]" = YES;
				"INFOPLIST_KEY_UIStatusBarStyle[sdk=iphoneos*]" = UIStatusBarStyleDefault;
				"INFOPLIST_KEY_UIStatusBarStyle[sdk=iphonesimulator*]" = UIStatusBarStyleDefault;
				INFOPLIST_KEY_UISupportedInterfaceOrientations_iPad = "UIInterfaceOrientationPortrait UIInterfaceOrientationPortraitUpsideDown UIInterfaceOrientationLandscapeLeft UIInterfaceOrientationLandscapeRight";
				INFOPLIST_KEY_UISupportedInterfaceOrientations_iPhone = "UIInterfaceOrientationPortrait UIInterfaceOrientationLandscapeLeft UIInterfaceOrientationLandscapeRight";
				IPHONEOS_DEPLOYMENT_TARGET = 16.2;
				LD_RUNPATH_SEARCH_PATHS = "@executable_path/Frameworks";
				"LD_RUNPATH_SEARCH_PATHS[sdk=macosx*]" = "@executable_path/../Frameworks";
				MACOSX_DEPLOYMENT_TARGET = 13.1;
				MARKETING_VERSION = 1.0;
				PRODUCT_BUNDLE_IDENTIFIER = com.karthik.GITTest;
				PRODUCT_NAME = "$(TARGET_NAME)";
				SDKROOT = auto;
				SUPPORTED_PLATFORMS = "iphoneos iphonesimulator macosx";
				SWIFT_EMIT_LOC_STRINGS = YES;
				SWIFT_VERSION = 5.0;
				TARGETED_DEVICE_FAMILY = "1,2";
			};
			name = Debug;
		};
		3D5721102AB2E1770060537E /* Release */ = {
			isa = XCBuildConfiguration;
			buildSettings = {
				ASSETCATALOG_COMPILER_APPICON_NAME = AppIcon;
				ASSETCATALOG_COMPILER_GLOBAL_ACCENT_COLOR_NAME = AccentColor;
				CODE_SIGN_ENTITLEMENTS = GITTest/GITTest.entitlements;
				CODE_SIGN_STYLE = Automatic;
				CURRENT_PROJECT_VERSION = 1;
				DEVELOPMENT_ASSET_PATHS = "\"GITTest/Preview Content\"";
				ENABLE_PREVIEWS = YES;
				GENERATE_INFOPLIST_FILE = YES;
				"INFOPLIST_KEY_UIApplicationSceneManifest_Generation[sdk=iphoneos*]" = YES;
				"INFOPLIST_KEY_UIApplicationSceneManifest_Generation[sdk=iphonesimulator*]" = YES;
				"INFOPLIST_KEY_UIApplicationSupportsIndirectInputEvents[sdk=iphoneos*]" = YES;
				"INFOPLIST_KEY_UIApplicationSupportsIndirectInputEvents[sdk=iphonesimulator*]" = YES;
				"INFOPLIST_KEY_UILaunchScreen_Generation[sdk=iphoneos*]" = YES;
				"INFOPLIST_KEY_UILaunchScreen_Generation[sdk=iphonesimulator*]" = YES;
				"INFOPLIST_KEY_UIStatusBarStyle[sdk=iphoneos*]" = UIStatusBarStyleDefault;
				"INFOPLIST_KEY_UIStatusBarStyle[sdk=iphonesimulator*]" = UIStatusBarStyleDefault;
				INFOPLIST_KEY_UISupportedInterfaceOrientations_iPad = "UIInterfaceOrientationPortrait UIInterfaceOrientationPortraitUpsideDown UIInterfaceOrientationLandscapeLeft UIInterfaceOrientationLandscapeRight";
				INFOPLIST_KEY_UISupportedInterfaceOrientations_iPhone = "UIInterfaceOrientationPortrait UIInterfaceOrientationLandscapeLeft UIInterfaceOrientationLandscapeRight";
				IPHONEOS_DEPLOYMENT_TARGET = 16.2;
				LD_RUNPATH_SEARCH_PATHS = "@executable_path/Frameworks";
				"LD_RUNPATH_SEARCH_PATHS[sdk=macosx*]" = "@executable_path/../Frameworks";
				MACOSX_DEPLOYMENT_TARGET = 13.1;
				MARKETING_VERSION = 1.0;
				PRODUCT_BUNDLE_IDENTIFIER = com.karthik.GITTest;
				PRODUCT_NAME = "$(TARGET_NAME)";
				SDKROOT = auto;
				SUPPORTED_PLATFORMS = "iphoneos iphonesimulator macosx";
				SWIFT_EMIT_LOC_STRINGS = YES;
				SWIFT_VERSION = 5.0;
				TARGETED_DEVICE_FAMILY = "1,2";
			};
			name = Release;
		};
		3D5721122AB2E1770060537E /* Debug */ = {
			isa = XCBuildConfiguration;
			buildSettings = {
				ALWAYS_EMBED_SWIFT_STANDARD_LIBRARIES = YES;
				BUNDLE_LOADER = "$(TEST_HOST)";
				CODE_SIGN_STYLE = Automatic;
				CURRENT_PROJECT_VERSION = 1;
				GENERATE_INFOPLIST_FILE = YES;
				IPHONEOS_DEPLOYMENT_TARGET = 16.2;
				MACOSX_DEPLOYMENT_TARGET = 13.1;
				MARKETING_VERSION = 1.0;
				PRODUCT_BUNDLE_IDENTIFIER = com.karthik.GITTestTests;
				PRODUCT_NAME = "$(TARGET_NAME)";
				SDKROOT = auto;
				SUPPORTED_PLATFORMS = "iphoneos iphonesimulator macosx";
				SWIFT_EMIT_LOC_STRINGS = NO;
				SWIFT_VERSION = 5.0;
				TARGETED_DEVICE_FAMILY = "1,2";
				TEST_HOST = "$(BUILT_PRODUCTS_DIR)/GITTest.app/$(BUNDLE_EXECUTABLE_FOLDER_PATH)/GITTest";
			};
			name = Debug;
		};
		3D5721132AB2E1770060537E /* Release */ = {
			isa = XCBuildConfiguration;
			buildSettings = {
				ALWAYS_EMBED_SWIFT_STANDARD_LIBRARIES = YES;
				BUNDLE_LOADER = "$(TEST_HOST)";
				CODE_SIGN_STYLE = Automatic;
				CURRENT_PROJECT_VERSION = 1;
				GENERATE_INFOPLIST_FILE = YES;
				IPHONEOS_DEPLOYMENT_TARGET = 16.2;
				MACOSX_DEPLOYMENT_TARGET = 13.1;
				MARKETING_VERSION = 1.0;
				PRODUCT_BUNDLE_IDENTIFIER = com.karthik.GITTestTests;
				PRODUCT_NAME = "$(TARGET_NAME)";
				SDKROOT = auto;
				SUPPORTED_PLATFORMS = "iphoneos iphonesimulator macosx";
				SWIFT_EMIT_LOC_STRINGS = NO;
				SWIFT_VERSION = 5.0;
				TARGETED_DEVICE_FAMILY = "1,2";
				TEST_HOST = "$(BUILT_PRODUCTS_DIR)/GITTest.app/$(BUNDLE_EXECUTABLE_FOLDER_PATH)/GITTest";
			};
			name = Release;
		};
		3D5721152AB2E1770060537E /* Debug */ = {
			isa = XCBuildConfiguration;
			buildSettings = {
				ALWAYS_EMBED_SWIFT_STANDARD_LIBRARIES = YES;
				CODE_SIGN_STYLE = Automatic;
				CURRENT_PROJECT_VERSION = 1;
				GENERATE_INFOPLIST_FILE = YES;
				IPHONEOS_DEPLOYMENT_TARGET = 16.2;
				MACOSX_DEPLOYMENT_TARGET = 13.1;
				MARKETING_VERSION = 1.0;
				PRODUCT_BUNDLE_IDENTIFIER = com.karthik.GITTestUITests;
				PRODUCT_NAME = "$(TARGET_NAME)";
				SDKROOT = auto;
				SUPPORTED_PLATFORMS = "iphoneos iphonesimulator macosx";
				SWIFT_EMIT_LOC_STRINGS = NO;
				SWIFT_VERSION = 5.0;
				TARGETED_DEVICE_FAMILY = "1,2";
				TEST_TARGET_NAME = GITTest;
			};
			name = Debug;
		};
		3D5721162AB2E1770060537E /* Release */ = {
			isa = XCBuildConfiguration;
			buildSettings = {
				ALWAYS_EMBED_SWIFT_STANDARD_LIBRARIES = YES;
				CODE_SIGN_STYLE = Automatic;
				CURRENT_PROJECT_VERSION = 1;
				GENERATE_INFOPLIST_FILE = YES;
				IPHONEOS_DEPLOYMENT_TARGET = 16.2;
				MACOSX_DEPLOYMENT_TARGET = 13.1;
				MARKETING_VERSION = 1.0;
				PRODUCT_BUNDLE_IDENTIFIER = com.karthik.GITTestUITests;
				PRODUCT_NAME = "$(TARGET_NAME)";
				SDKROOT = auto;
				SUPPORTED_PLATFORMS = "iphoneos iphonesimulator macosx";
				SWIFT_EMIT_LOC_STRINGS = NO;
				SWIFT_VERSION = 5.0;
				TARGETED_DEVICE_FAMILY = "1,2";
				TEST_TARGET_NAME = GITTest;
			};
			name = Release;
		};
/* End XCBuildConfiguration section */

/* Begin XCConfigurationList section */
		3D5720E42AB2E1760060537E /* Build configuration list for PBXProject "GITTest" */ = {
			isa = XCConfigurationList;
			buildConfigurations = (
				3D57210C2AB2E1770060537E /* Debug */,
				3D57210D2AB2E1770060537E /* Release */,
			);
			defaultConfigurationIsVisible = 0;
			defaultConfigurationName = Release;
		};
		3D57210E2AB2E1770060537E /* Build configuration list for PBXNativeTarget "GITTest" */ = {
			isa = XCConfigurationList;
			buildConfigurations = (
				3D57210F2AB2E1770060537E /* Debug */,
				3D5721102AB2E1770060537E /* Release */,
			);
			defaultConfigurationIsVisible = 0;
			defaultConfigurationName = Release;
		};
		3D5721112AB2E1770060537E /* Build configuration list for PBXNativeTarget "GITTestTests" */ = {
			isa = XCConfigurationList;
			buildConfigurations = (
				3D5721122AB2E1770060537E /* Debug */,
				3D5721132AB2E1770060537E /* Release */,
			);
			defaultConfigurationIsVisible = 0;
			defaultConfigurationName = Release;
		};
		3D5721142AB2E1770060537E /* Build configuration list for PBXNativeTarget "GITTestUITests" */ = {
			isa = XCConfigurationList;
			buildConfigurations = (
				3D5721152AB2E1770060537E /* Debug */,
				3D5721162AB2E1770060537E /* Release */,
			);
			defaultConfigurationIsVisible = 0;
			defaultConfigurationName = Release;
		};
/* End XCConfigurationList section */
	};
	rootObject = 3D5720E12AB2E1760060537E /* Project object */;
}
